
Microsoft Visual Studio Solution File, Format Version 12.00
# Visual Studio Version 16
VisualStudioVersion = 16.0.30413.136
MinimumVisualStudioVersion = 10.0.40219.1
Project("{FAE04EC0-301F-11D3-BF4B-00C04F79EFBC}") = "CalculateChange", "CalculateChange\CalculateChange.csproj", "{DD33F1DF-C82F-418C-94C4-61730B3BCAFE}"
EndProject
Global
	GlobalSection(SolutionConfigurationPlatforms) = preSolution
		Debug|Any CPU = Debug|Any CPU
		Release|Any CPU = Release|Any CPU
	EndGlobalSection
	GlobalSection(ProjectConfigurationPlatforms) = postSolution
		{DD33F1DF-C82F-418C-94C4-61730B3BCAFE}.Debug|Any CPU.ActiveCfg = Debug|Any CPU
		{DD33F1DF-C82F-418C-94C4-61730B3BCAFE}.Debug|Any CPU.Build.0 = Debug|Any CPU
		{DD33F1DF-C82F-418C-94C4-61730B3BCAFE}.Release|Any CPU.ActiveCfg = Release|Any CPU
		{DD33F1DF-C82F-418C-94C4-61730B3BCAFE}.Release|Any CPU.Build.0 = Release|Any CPU
	EndGlobalSection
	GlobalSection(SolutionProperties) = preSolution
		HideSolutionNode = FALSE
	EndGlobalSection
	GlobalSection(ExtensibilityGlobals) = postSolution
		SolutionGuid = {FDDDB9D0-508D-404C-A00C-D83D11437AD1}
	EndGlobalSection
EndGlobal
