
Microsoft Visual Studio Solution File, Format Version 12.00
# Visual Studio Version 16
VisualStudioVersion = 16.0.30413.136
MinimumVisualStudioVersion = 10.0.40219.1
Project("{FAE04EC0-301F-11D3-BF4B-00C04F79EFBC}") = "CalculateAnswer", "CalculateAnswer\CalculateAnswer.csproj", "{F7BCB843-E861-4CB3-9EC4-4BB7863E43B9}"
EndProject
Global
	GlobalSection(SolutionConfigurationPlatforms) = preSolution
		Debug|Any CPU = Debug|Any CPU
		Release|Any CPU = Release|Any CPU
	EndGlobalSection
	GlobalSection(ProjectConfigurationPlatforms) = postSolution
		{F7BCB843-E861-4CB3-9EC4-4BB7863E43B9}.Debug|Any CPU.ActiveCfg = Debug|Any CPU
		{F7BCB843-E861-4CB3-9EC4-4BB7863E43B9}.Debug|Any CPU.Build.0 = Debug|Any CPU
		{F7BCB843-E861-4CB3-9EC4-4BB7863E43B9}.Release|Any CPU.ActiveCfg = Release|Any CPU
		{F7BCB843-E861-4CB3-9EC4-4BB7863E43B9}.Release|Any CPU.Build.0 = Release|Any CPU
	EndGlobalSection
	GlobalSection(SolutionProperties) = preSolution
		HideSolutionNode = FALSE
	EndGlobalSection
	GlobalSection(ExtensibilityGlobals) = postSolution
		SolutionGuid = {183B0395-CCFB-4A3A-9523-BD5E845F1E19}
	EndGlobalSection
EndGlobal
